{
  "name": "sdustoj",
  "version": "0.1.0",
  "lockfileVersion": 1,
  "requires": true,
  "dependencies": {
    "codemirror": {
      "version": "5.40.2",
      "resolved": "http://registry.npm.taobao.org/codemirror/download/codemirror-5.40.2.tgz",
      "integrity": "sha1-9KQf7i2E5nlUNZGzaAryWdkDMws="
    },
    "codemirror-spell-checker": {
      "version": "1.1.2",
      "resolved": "http://registry.npm.taobao.org/codemirror-spell-checker/download/codemirror-spell-checker-1.1.2.tgz",
      "integrity": "sha1-HGYPkIlIPMtRE7m6nKGcP0mTNx4=",
      "requires": {
        "typo-js": "1.0.3"
      }
    },
    "js-cookie": {
      "version": "2.2.0",
      "resolved": "http://registry.npm.taobao.org/js-cookie/download/js-cookie-2.2.0.tgz",
      "integrity": "sha1-Gywnmm7s44ChIWi5JIUmWzWx7/s="
    },
    "marked": {
      "version": "0.5.0",
      "resolved": "http://registry.npm.taobao.org/marked/download/marked-0.5.0.tgz",
      "integrity": "sha1-nlkLrTFYSkj/QFszqxwN0lFyKI4="
    },
    "simplemde": {
      "version": "1.11.2",
      "resolved": "http://registry.npm.taobao.org/simplemde/download/simplemde-1.11.2.tgz",
      "integrity": "sha1-ojo12XjSxA7wfewAjJLwcNjggOM=",
      "requires": {
        "codemirror": "5.40.2",
        "codemirror-spell-checker": "1.1.2",
        "marked": "0.5.0"
      }
    },
    "typo-js": {
      "version": "1.0.3",
      "resolved": "http://registry.npm.taobao.org/typo-js/download/typo-js-1.0.3.tgz",
      "integrity": "sha1-VNjrx5SfGngQkItgAsaEFSbJnVo="
    }
  }
}
